<?xml version="1.0" encoding="utf-8"?>
<Project ToolsVersion="4.0" xmlns="http://schemas.microsoft.com/developer/msbuild/2003">
  <ItemGroup>
    <Filter Include="include">
      <UniqueIdentifier>{8735a3f4-0063-4de0-a044-e8bb910f1578}</UniqueIdentifier>
    </Filter>
    <Filter Include="src">
      <UniqueIdentifier>{8a00614b-7d18-499d-aed3-9ff30db027a3}</UniqueIdentifier>
    </Filter>
    <Filter Include="include\animation">
      <UniqueIdentifier>{a7d10443-d6d0-4dfd-b017-8385709710c9}</UniqueIdentifier>
    </Filter>
    <Filter Include="src\animation">
      <UniqueIdentifier>{d1ecd878-f2e1-4f4b-9ff3-fdce90d96ec2}</UniqueIdentifier>
    </Filter>
    <Filter Include="include\frame">
      <UniqueIdentifier>{f611757c-1281-40ca-9a3d-9186246a40cc}</UniqueIdentifier>
    </Filter>
    <Filter Include="src\frame">
      <UniqueIdentifier>{acb4b59f-dcc9-4fb1-b2ae-c23c7ee6652c}</UniqueIdentifier>
    </Filter>
    <Filter Include="include\frame\compoents">
      <UniqueIdentifier>{bd79508f-ef89-4817-82fd-dc5d6dacb929}</UniqueIdentifier>
    </Filter>
    <Filter Include="src\frame\compoents">
      <UniqueIdentifier>{c95e9b82-84e9-49e6-ad27-2758d08415f8}</UniqueIdentifier>
    </Filter>
    <Filter Include="src\frame\object">
      <UniqueIdentifier>{ad951436-dc40-4fd3-bd97-db47500ca6b7}</UniqueIdentifier>
    </Filter>
    <Filter Include="include\frame\object">
      <UniqueIdentifier>{1940a082-acd7-4183-9a28-5d7bd1667eec}</UniqueIdentifier>
    </Filter>
    <Filter Include="include\global">
      <UniqueIdentifier>{c04e432d-290e-45e2-a5f1-913656b2d6a5}</UniqueIdentifier>
    </Filter>
    <Filter Include="src\global">
      <UniqueIdentifier>{e418edc5-08ec-4a35-b081-e36ff20f6932}</UniqueIdentifier>
    </Filter>
    <Filter Include="src\frame\compoents\transform">
      <UniqueIdentifier>{bd71be09-b351-4100-be3c-3e377d502620}</UniqueIdentifier>
    </Filter>
    <Filter Include="include\frame\compoents\transform">
      <UniqueIdentifier>{1e68cc3b-a7c2-4f30-8a6b-0a817c4ee169}</UniqueIdentifier>
    </Filter>
    <Filter Include="include\physics">
      <UniqueIdentifier>{6cdb0af0-43d9-4fd5-9518-43db3876ab2d}</UniqueIdentifier>
    </Filter>
    <Filter Include="src\physics">
      <UniqueIdentifier>{50150104-2af3-454f-afb9-5734d4d8962c}</UniqueIdentifier>
    </Filter>
    <Filter Include="include\particle">
      <UniqueIdentifier>{4a876592-9988-463e-951b-58437d349beb}</UniqueIdentifier>
    </Filter>
    <Filter Include="src\particle">
      <UniqueIdentifier>{cbde59be-8e5a-4f31-b89e-74d539762d4b}</UniqueIdentifier>
    </Filter>
  </ItemGroup>
  <ItemGroup>
    <ClInclude Include="include\animation\Bone.h">
      <Filter>include\animation</Filter>
    </ClInclude>
    <ClInclude Include="include\animation\Utilities_Animation.h">
      <Filter>include\animation</Filter>
    </ClInclude>
    <ClInclude Include="include\animation\Skeleton.h">
      <Filter>include\animation</Filter>
    </ClInclude>
    <ClInclude Include="include\animation\Animation_Manager.h">
      <Filter>include\animation</Filter>
    </ClInclude>
    <ClInclude Include="include\animation\Animation_Loader.h">
      <Filter>include\animation</Filter>
    </ClInclude>
    <ClInclude Include="include\frame\compoents\Compoent.h">
      <Filter>include\frame\compoents</Filter>
    </ClInclude>
    <ClInclude Include="include\frame\object\GObject.h">
      <Filter>include\frame\object</Filter>
    </ClInclude>
    <ClInclude Include="include\frame\object\GObject_ID_Allocator.h">
      <Filter>include\frame\object</Filter>
    </ClInclude>
    <ClInclude Include="include\global\Global_Systemer.h">
      <Filter>include\global</Filter>
    </ClInclude>
    <ClInclude Include="include\frame\compoents\transform\Transform_Component.h">
      <Filter>include\frame\compoents\transform</Filter>
    </ClInclude>
    <ClInclude Include="include\physics\Physics_Scene.h">
      <Filter>include\physics</Filter>
    </ClInclude>
    <ClInclude Include="include\physics\Physics_Config.h">
      <Filter>include\physics</Filter>
    </ClInclude>
    <ClInclude Include="include\physics\Utilities_Physics.h">
      <Filter>include\physics</Filter>
    </ClInclude>
    <ClInclude Include="include\particle\Emitter_ID_Allocator.h">
      <Filter>include\particle</Filter>
    </ClInclude>
    <ClInclude Include="include\particle\Particle_Config.h">
      <Filter>include\particle</Filter>
    </ClInclude>
    <ClInclude Include="include\particle\Particle_Desc.h">
      <Filter>include\particle</Filter>
    </ClInclude>
  </ItemGroup>
  <ItemGroup>
    <ClCompile Include="src\animation\Bone.cpp">
      <Filter>src\animation</Filter>
    </ClCompile>
    <ClCompile Include="src\animation\Utilities_Animation.cpp">
      <Filter>src\animation</Filter>
    </ClCompile>
    <ClCompile Include="src\animation\Skeleton.cpp">
      <Filter>src\animation</Filter>
    </ClCompile>
    <ClCompile Include="src\animation\Animation_Manager.cpp">
      <Filter>src\animation</Filter>
    </ClCompile>
    <ClCompile Include="src\animation\Animation_Loader.cpp">
      <Filter>src\animation</Filter>
    </ClCompile>
    <ClCompile Include="src\frame\compoents\Compoent.cpp">
      <Filter>src\frame\compoents</Filter>
    </ClCompile>
    <ClCompile Include="src\frame\object\GObject.cpp">
      <Filter>src\frame\object</Filter>
    </ClCompile>
    <ClCompile Include="src\frame\object\GObject_ID_Allocator.cpp">
      <Filter>src\frame\object</Filter>
    </ClCompile>
    <ClCompile Include="src\global\Global_Systemer.cpp">
      <Filter>src\global</Filter>
    </ClCompile>
    <ClCompile Include="src\frame\compoents\transform\Transform_Component.cpp">
      <Filter>src\frame\compoents\transform</Filter>
    </ClCompile>
    <ClCompile Include="src\physics\Physics_Scene.cpp">
      <Filter>src\physics</Filter>
    </ClCompile>
    <ClCompile Include="src\physics\Physics_Config.cpp">
      <Filter>src\physics</Filter>
    </ClCompile>
    <ClCompile Include="src\physics\Utilities_Physics.cpp">
      <Filter>src\physics</Filter>
    </ClCompile>
    <ClCompile Include="src\particle\Emitter_ID_Allocator.cpp">
      <Filter>src\particle</Filter>
    </ClCompile>
    <ClCompile Include="src\particle\Particle_Desc.cpp">
      <Filter>src\particle</Filter>
    </ClCompile>
  </ItemGroup>
</Project>