<?xml version="1.0" encoding="utf-8"?>
<Project ToolsVersion="4.0" xmlns="http://schemas.microsoft.com/developer/msbuild/2003">
  <ItemGroup>
    <Filter Include="include">
      <UniqueIdentifier>{ec5cfdfd-8931-40d0-86de-a5e5792903ba}</UniqueIdentifier>
    </Filter>
    <Filter Include="src">
      <UniqueIdentifier>{3ec11750-3399-4f4c-8f64-440d6caa4be8}</UniqueIdentifier>
    </Filter>
    <Filter Include="include\math">
      <UniqueIdentifier>{c4485cf6-dc34-4808-a111-5d1404c5920b}</UniqueIdentifier>
    </Filter>
    <Filter Include="src\math">
      <UniqueIdentifier>{bd4c88cb-1076-4296-899b-c819340f18b5}</UniqueIdentifier>
    </Filter>
    <Filter Include="include\logger">
      <UniqueIdentifier>{ce73e74e-89f3-466f-a2f6-e22917ff8646}</UniqueIdentifier>
    </Filter>
    <Filter Include="src\logger">
      <UniqueIdentifier>{36c85d8d-6452-44c1-a98d-b97a8031aa08}</UniqueIdentifier>
    </Filter>
    <Filter Include="include\bounding">
      <UniqueIdentifier>{e48f5346-6db6-4b15-931d-a3934a4fae9d}</UniqueIdentifier>
    </Filter>
    <Filter Include="include\transform">
      <UniqueIdentifier>{c0b780e1-8596-4d2d-990e-7190a12108c1}</UniqueIdentifier>
    </Filter>
    <Filter Include="src\bounding">
      <UniqueIdentifier>{65f8a3ea-792f-4cb2-9d18-28971778a6ca}</UniqueIdentifier>
    </Filter>
    <Filter Include="src\transform">
      <UniqueIdentifier>{85e3f075-a089-46fe-8218-620bb5aa026f}</UniqueIdentifier>
    </Filter>
  </ItemGroup>
  <ItemGroup>
    <ClInclude Include="include\math\Constant.h">
      <Filter>include\math</Filter>
    </ClInclude>
    <ClInclude Include="include\math\Degree.h">
      <Filter>include\math</Filter>
    </ClInclude>
    <ClInclude Include="include\math\Head_Math.h">
      <Filter>include\math</Filter>
    </ClInclude>
    <ClInclude Include="include\math\Matrix3x3.h">
      <Filter>include\math</Filter>
    </ClInclude>
    <ClInclude Include="include\math\Matrix4x4.h">
      <Filter>include\math</Filter>
    </ClInclude>
    <ClInclude Include="include\math\Quaternion.h">
      <Filter>include\math</Filter>
    </ClInclude>
    <ClInclude Include="include\math\Radian.h">
      <Filter>include\math</Filter>
    </ClInclude>
    <ClInclude Include="include\math\Random.h">
      <Filter>include\math</Filter>
    </ClInclude>
    <ClInclude Include="include\math\Third_Party.h">
      <Filter>include\math</Filter>
    </ClInclude>
    <ClInclude Include="include\math\Utilities.h">
      <Filter>include\math</Filter>
    </ClInclude>
    <ClInclude Include="include\math\Vector2.h">
      <Filter>include\math</Filter>
    </ClInclude>
    <ClInclude Include="include\math\Vector3.h">
      <Filter>include\math</Filter>
    </ClInclude>
    <ClInclude Include="include\math\Vector4.h">
      <Filter>include\math</Filter>
    </ClInclude>
    <ClInclude Include="include\logger\System_Logger.h">
      <Filter>include\logger</Filter>
    </ClInclude>
    <ClInclude Include="include\transform\Affine_Transform.h">
      <Filter>include\transform</Filter>
    </ClInclude>
    <ClInclude Include="include\transform\Head_Thansform.h">
      <Filter>include\transform</Filter>
    </ClInclude>
    <ClInclude Include="include\transform\Orthogonal_Transform.h">
      <Filter>include\transform</Filter>
    </ClInclude>
    <ClInclude Include="include\transform\ScaleTranslation_Transform.h">
      <Filter>include\transform</Filter>
    </ClInclude>
    <ClInclude Include="include\transform\Uniform_Transform.h">
      <Filter>include\transform</Filter>
    </ClInclude>
    <ClInclude Include="include\bounding\Bounding_Box_AxisAligned.h">
      <Filter>include\bounding</Filter>
    </ClInclude>
    <ClInclude Include="include\bounding\Bounding_Box_Oriented.h">
      <Filter>include\bounding</Filter>
    </ClInclude>
    <ClInclude Include="include\bounding\Bounding_Plane.h">
      <Filter>include\bounding</Filter>
    </ClInclude>
    <ClInclude Include="include\bounding\Bounding_Sphere.h">
      <Filter>include\bounding</Filter>
    </ClInclude>
    <ClInclude Include="include\bounding\Head_Bounding.h">
      <Filter>include\bounding</Filter>
    </ClInclude>
    <ClInclude Include="include\bounding\Third_Party.h">
      <Filter>include\bounding</Filter>
    </ClInclude>
  </ItemGroup>
  <ItemGroup>
    <ClCompile Include="src\math\Degree.cpp">
      <Filter>src\math</Filter>
    </ClCompile>
    <ClCompile Include="src\math\Matrix3x3.cpp">
      <Filter>src\math</Filter>
    </ClCompile>
    <ClCompile Include="src\math\Matrix4x4.cpp">
      <Filter>src\math</Filter>
    </ClCompile>
    <ClCompile Include="src\math\Quaternion.cpp">
      <Filter>src\math</Filter>
    </ClCompile>
    <ClCompile Include="src\math\Radian.cpp">
      <Filter>src\math</Filter>
    </ClCompile>
    <ClCompile Include="src\math\Utilities.cpp">
      <Filter>src\math</Filter>
    </ClCompile>
    <ClCompile Include="src\math\Vector2.cpp">
      <Filter>src\math</Filter>
    </ClCompile>
    <ClCompile Include="src\math\Vector3.cpp">
      <Filter>src\math</Filter>
    </ClCompile>
    <ClCompile Include="src\math\Vector4.cpp">
      <Filter>src\math</Filter>
    </ClCompile>
    <ClCompile Include="src\logger\System_Logger.cpp">
      <Filter>src\logger</Filter>
    </ClCompile>
    <ClCompile Include="src\transform\Affine_Transform.cpp">
      <Filter>src\transform</Filter>
    </ClCompile>
    <ClCompile Include="src\transform\Orthogonal_Transform.cpp">
      <Filter>src\transform</Filter>
    </ClCompile>
    <ClCompile Include="src\transform\ScaleTranslation_Transform.cpp">
      <Filter>src\transform</Filter>
    </ClCompile>
    <ClCompile Include="src\transform\Uniform_Transform.cpp">
      <Filter>src\transform</Filter>
    </ClCompile>
    <ClCompile Include="src\bounding\Bounding_Box_AxisAligned.cpp">
      <Filter>src\bounding</Filter>
    </ClCompile>
    <ClCompile Include="src\bounding\Bounding_Box_Oriented.cpp">
      <Filter>src\bounding</Filter>
    </ClCompile>
    <ClCompile Include="src\bounding\Bounding_Plane.cpp">
      <Filter>src\bounding</Filter>
    </ClCompile>
    <ClCompile Include="src\bounding\Bounding_Sphere.cpp">
      <Filter>src\bounding</Filter>
    </ClCompile>
  </ItemGroup>
  <ItemGroup>
    <None Include="packages.config" />
  </ItemGroup>
</Project>