<?xml version="1.0" encoding="utf-8"?>
<Project ToolsVersion="4.0" xmlns="http://schemas.microsoft.com/developer/msbuild/2003">
  <ItemGroup>
    <ClCompile Include="math\Degree_Test.cpp">
      <Filter>math</Filter>
    </ClCompile>
    <ClCompile Include="math\Matrix3x3_Test.cpp">
      <Filter>math</Filter>
    </ClCompile>
    <ClCompile Include="math\Radian_Test.cpp">
      <Filter>math</Filter>
    </ClCompile>
    <ClCompile Include="math\Vector2_Test.cpp">
      <Filter>math</Filter>
    </ClCompile>
    <ClCompile Include="math\Vector3_Test.cpp">
      <Filter>math</Filter>
    </ClCompile>
    <ClCompile Include="math\Vector4_Test.cpp">
      <Filter>math</Filter>
    </ClCompile>
    <ClCompile Include="math\Matrix4x4_Test.cpp">
      <Filter>math</Filter>
    </ClCompile>
    <ClCompile Include="logger\System_Logger_Test.cpp">
      <Filter>logger</Filter>
    </ClCompile>
    <ClCompile Include="math\Quaternion_Test.cpp">
      <Filter>math</Filter>
    </ClCompile>
    <ClCompile Include="transform\Orthogonal_Transform_Test.cpp">
      <Filter>transform</Filter>
    </ClCompile>
  </ItemGroup>
  <ItemGroup>
    <None Include="packages.config" />
  </ItemGroup>
  <ItemGroup>
    <Filter Include="math">
      <UniqueIdentifier>{e7c3590e-0dd5-4d8f-9ee7-dbbe93b59aa8}</UniqueIdentifier>
    </Filter>
    <Filter Include="logger">
      <UniqueIdentifier>{a595a4d5-bfd1-4e9a-8e50-1dcbb5bec1f3}</UniqueIdentifier>
    </Filter>
    <Filter Include="transform">
      <UniqueIdentifier>{6b66351e-dc6b-4d6e-a360-778e28e923ec}</UniqueIdentifier>
    </Filter>
    <Filter Include="bounding">
      <UniqueIdentifier>{7f657dd5-ffba-47c7-9825-de1c35f0ce08}</UniqueIdentifier>
    </Filter>
  </ItemGroup>
</Project>