<?xml version="1.0" encoding="utf-8"?>
<Project ToolsVersion="4.0" xmlns="http://schemas.microsoft.com/developer/msbuild/2003">
  <ItemGroup>
    <Filter Include="include">
      <UniqueIdentifier>{db1c4c81-cb95-4e5f-8bb7-5eff7282f352}</UniqueIdentifier>
    </Filter>
    <Filter Include="src">
      <UniqueIdentifier>{cf1bcd7f-d6d0-4805-9dd4-897a2cf896b4}</UniqueIdentifier>
    </Filter>
    <Filter Include="bin">
      <UniqueIdentifier>{e62317b0-135e-48eb-8d46-5b6cf851987d}</UniqueIdentifier>
    </Filter>
    <Filter Include="include\default_editor">
      <UniqueIdentifier>{0d6fa7b7-669b-415a-8f0a-eb7b50df2ea7}</UniqueIdentifier>
    </Filter>
    <Filter Include="src\default_editor">
      <UniqueIdentifier>{bfb1c4a0-62fe-4299-a7ec-86973f65fe99}</UniqueIdentifier>
    </Filter>
  </ItemGroup>
  <ItemGroup>
    <ClCompile Include="src\Main.cpp">
      <Filter>src</Filter>
    </ClCompile>
    <ClCompile Include="src\default_editor\Editor_UI.cpp">
      <Filter>src\default_editor</Filter>
    </ClCompile>
    <ClCompile Include="src\default_editor\Editor_Axis.cpp">
      <Filter>src\default_editor</Filter>
    </ClCompile>
    <ClCompile Include="src\default_editor\Editor.cpp">
      <Filter>src\default_editor</Filter>
    </ClCompile>
    <ClCompile Include="src\default_editor\Editor_Scene_Manager.cpp">
      <Filter>src\default_editor</Filter>
    </ClCompile>
    <ClCompile Include="src\default_editor\Editor_Input_Manager.cpp">
      <Filter>src\default_editor</Filter>
    </ClCompile>
    <ClCompile Include="src\default_editor\Editor_Global_Context.cpp">
      <Filter>src\default_editor</Filter>
    </ClCompile>
  </ItemGroup>
  <ItemGroup>
    <ClInclude Include="include\default_editor\Editor_UI.h">
      <Filter>include\default_editor</Filter>
    </ClInclude>
    <ClInclude Include="include\default_editor\Editor_Axis.h">
      <Filter>include\default_editor</Filter>
    </ClInclude>
    <ClInclude Include="include\default_editor\Editor.h">
      <Filter>include\default_editor</Filter>
    </ClInclude>
    <ClInclude Include="include\default_editor\Editor_Scene_Manager.h">
      <Filter>include\default_editor</Filter>
    </ClInclude>
    <ClInclude Include="include\default_editor\Editor_Input_Manager.h">
      <Filter>include\default_editor</Filter>
    </ClInclude>
    <ClInclude Include="include\default_editor\Editor_Global_Context.h">
      <Filter>include\default_editor</Filter>
    </ClInclude>
  </ItemGroup>
</Project>