<?xml version="1.0" encoding="utf-8"?>
<Project ToolsVersion="4.0" xmlns="http://schemas.microsoft.com/developer/msbuild/2003">
  <ItemGroup>
    <Filter Include="include">
      <UniqueIdentifier>{a6df2c15-eabc-47e9-bddc-fd7f2ed3a40a}</UniqueIdentifier>
    </Filter>
    <Filter Include="src">
      <UniqueIdentifier>{50f59c61-b9ac-4b0c-bac0-bb73d817d8ea}</UniqueIdentifier>
    </Filter>
    <Filter Include="include\config">
      <UniqueIdentifier>{5797895e-98c5-487d-9c6a-7b88ad2733a5}</UniqueIdentifier>
    </Filter>
    <Filter Include="src\config">
      <UniqueIdentifier>{ffa020c0-48a7-4f04-8cf9-260ed4e7e948}</UniqueIdentifier>
    </Filter>
    <Filter Include="include\manage">
      <UniqueIdentifier>{d5a59679-de5b-489d-9eda-c56772d0f362}</UniqueIdentifier>
    </Filter>
    <Filter Include="src\manage">
      <UniqueIdentifier>{b6f1d8f1-2e04-4ae9-a094-ff3f41ae6e8c}</UniqueIdentifier>
    </Filter>
    <Filter Include="include\components">
      <UniqueIdentifier>{70cd04be-49ad-4ed2-8f3f-78d7e64eac8f}</UniqueIdentifier>
    </Filter>
    <Filter Include="src\components">
      <UniqueIdentifier>{295a8fa9-b5eb-495e-af71-c1ce6a00301a}</UniqueIdentifier>
    </Filter>
    <Filter Include="include\components\camera">
      <UniqueIdentifier>{78098cbc-ea65-444f-994c-918985129f67}</UniqueIdentifier>
    </Filter>
    <Filter Include="src\components\camera">
      <UniqueIdentifier>{4db48510-6c33-465c-900e-9164f0d6781c}</UniqueIdentifier>
    </Filter>
    <Filter Include="src\components\mesh">
      <UniqueIdentifier>{dc2794d6-57d9-4033-8f05-706b03a10dd0}</UniqueIdentifier>
    </Filter>
    <Filter Include="include\components\mesh">
      <UniqueIdentifier>{f43119df-750d-47f8-bd0d-16bd65072e52}</UniqueIdentifier>
    </Filter>
    <Filter Include="src\components\animation">
      <UniqueIdentifier>{2e58af63-5d5a-411c-9f38-a610d42de1eb}</UniqueIdentifier>
    </Filter>
    <Filter Include="include\components\animation">
      <UniqueIdentifier>{65a28138-d63b-4e4d-825f-cfda722aa0ff}</UniqueIdentifier>
    </Filter>
    <Filter Include="include\components\material">
      <UniqueIdentifier>{d72d49b5-9328-4902-8705-3c727f6f0a6b}</UniqueIdentifier>
    </Filter>
    <Filter Include="src\components\material">
      <UniqueIdentifier>{be668113-7c0d-4807-a19d-d226764032fb}</UniqueIdentifier>
    </Filter>
    <Filter Include="include\components\emitter">
      <UniqueIdentifier>{b0cbea40-9afc-4ecd-99f9-d9c80fe1c914}</UniqueIdentifier>
    </Filter>
    <Filter Include="src\components\emitter">
      <UniqueIdentifier>{598e98cd-0850-4e62-9c3c-e862fca3efd3}</UniqueIdentifier>
    </Filter>
    <Filter Include="include\components\motor">
      <UniqueIdentifier>{685fc8e7-a6a0-44d4-8f40-903dbdc41642}</UniqueIdentifier>
    </Filter>
    <Filter Include="src\components\motor">
      <UniqueIdentifier>{0f4d66ac-ba48-4f62-8567-7812710b13c7}</UniqueIdentifier>
    </Filter>
    <Filter Include="src\components\rigid_body">
      <UniqueIdentifier>{24195fc5-0aea-4ac0-982d-ce2002513cfb}</UniqueIdentifier>
    </Filter>
    <Filter Include="include\components\rigid_body">
      <UniqueIdentifier>{aba06f12-db73-443c-9099-638306b4ac15}</UniqueIdentifier>
    </Filter>
    <Filter Include="include\components\skeleton">
      <UniqueIdentifier>{30c591fc-9632-438d-8829-911e20be5234}</UniqueIdentifier>
    </Filter>
    <Filter Include="src\components\skeleton">
      <UniqueIdentifier>{cdcac76f-c568-4d60-977f-61f2cac2df47}</UniqueIdentifier>
    </Filter>
    <Filter Include="include\global">
      <UniqueIdentifier>{b4e90d8f-28b1-4b9a-be28-008ed950e5a2}</UniqueIdentifier>
    </Filter>
    <Filter Include="src\global">
      <UniqueIdentifier>{c3fd5755-0bc1-497a-98e6-58511ffe72ea}</UniqueIdentifier>
    </Filter>
    <Filter Include="include\common">
      <UniqueIdentifier>{e99228b1-f4c6-4fef-b751-825988e2e626}</UniqueIdentifier>
    </Filter>
    <Filter Include="src\common">
      <UniqueIdentifier>{e87ef065-f84e-4319-bed4-3e48412eed3f}</UniqueIdentifier>
    </Filter>
  </ItemGroup>
  <ItemGroup>
    <ClInclude Include="include\config\Resource_Configer.h">
      <Filter>include\config</Filter>
    </ClInclude>
    <ClInclude Include="include\manage\Resource_Manager.h">
      <Filter>include\manage</Filter>
    </ClInclude>
    <ClInclude Include="include\components\camera\Camera.h">
      <Filter>include\components\camera</Filter>
    </ClInclude>
    <ClInclude Include="include\components\camera\Camera_Controller.h">
      <Filter>include\components\camera</Filter>
    </ClInclude>
    <ClInclude Include="include\components\mesh\Mesh.h">
      <Filter>include\components\mesh</Filter>
    </ClInclude>
    <ClInclude Include="include\components\mesh\Mesh_Data.h">
      <Filter>include\components\mesh</Filter>
    </ClInclude>
    <ClInclude Include="include\components\animation\Animation.h">
      <Filter>include\components\animation</Filter>
    </ClInclude>
    <ClInclude Include="include\components\material\Materia.h">
      <Filter>include\components\material</Filter>
    </ClInclude>
    <ClInclude Include="include\components\animation\Animation_Clip.h">
      <Filter>include\components\animation</Filter>
    </ClInclude>
    <ClInclude Include="include\components\animation\Blend_State.h">
      <Filter>include\components\animation</Filter>
    </ClInclude>
    <ClInclude Include="include\components\emitter\particle​.h">
      <Filter>include\components\emitter</Filter>
    </ClInclude>
    <ClInclude Include="include\components\rigid_body\Rigid_Body.h">
      <Filter>include\components\rigid_body</Filter>
    </ClInclude>
    <ClInclude Include="include\components\rigid_body\Basic_Shape.h">
      <Filter>include\components\rigid_body</Filter>
    </ClInclude>
    <ClInclude Include="include\components\motor\Motor.h">
      <Filter>include\components\motor</Filter>
    </ClInclude>
    <ClInclude Include="include\components\skeleton\Skeleton_Mask.h">
      <Filter>include\components\skeleton</Filter>
    </ClInclude>
    <ClInclude Include="include\components\skeleton\Skeleton_Data.h">
      <Filter>include\components\skeleton</Filter>
    </ClInclude>
    <ClInclude Include="include\global\Global_Particle.h">
      <Filter>include\global</Filter>
    </ClInclude>
    <ClInclude Include="include\global\Global_Rendering.h">
      <Filter>include\global</Filter>
    </ClInclude>
    <ClInclude Include="include\common\Object.h">
      <Filter>include\common</Filter>
    </ClInclude>
    <ClInclude Include="include\common\Level.h">
      <Filter>include\common</Filter>
    </ClInclude>
    <ClInclude Include="include\common\World.h">
      <Filter>include\common</Filter>
    </ClInclude>
    <ClInclude Include="include\components\skeleton\Skeleton_Node.h">
      <Filter>include\components\skeleton</Filter>
    </ClInclude>
  </ItemGroup>
  <ItemGroup>
    <ClCompile Include="src\config\Resource_Configer.cpp">
      <Filter>src\config</Filter>
    </ClCompile>
    <ClCompile Include="src\manager\Resource_Manager.cpp">
      <Filter>src\manage</Filter>
    </ClCompile>
    <ClCompile Include="src\components\camera\Camera.cpp">
      <Filter>src\components\camera</Filter>
    </ClCompile>
    <ClCompile Include="src\components\camera\Camera_Controller.cpp">
      <Filter>src\components\camera</Filter>
    </ClCompile>
    <ClCompile Include="src\components\mesh\Mesh.cpp">
      <Filter>src\components\mesh</Filter>
    </ClCompile>
    <ClCompile Include="src\components\mesh\Mesh_Data.cpp">
      <Filter>src\components\mesh</Filter>
    </ClCompile>
    <ClCompile Include="src\components\animation\Animation.cpp">
      <Filter>src\components\animation</Filter>
    </ClCompile>
    <ClCompile Include="src\components\material\Materia.cpp">
      <Filter>src\components\material</Filter>
    </ClCompile>
    <ClCompile Include="src\components\animation\Animation_Clip.cpp">
      <Filter>src\components\animation</Filter>
    </ClCompile>
    <ClCompile Include="src\components\animation\Blend_State.cpp">
      <Filter>src\components\animation</Filter>
    </ClCompile>
    <ClCompile Include="src\components\material\Particle​.cpp">
      <Filter>src\components\emitter</Filter>
    </ClCompile>
    <ClCompile Include="src\components\rigid_body\Rigid_Body.cpp">
      <Filter>src\components\rigid_body</Filter>
    </ClCompile>
    <ClCompile Include="src\components\rigid_body\Basic_Shape.cpp">
      <Filter>src\components\rigid_body</Filter>
    </ClCompile>
    <ClCompile Include="src\components\motor\Motor.cpp">
      <Filter>src\components\motor</Filter>
    </ClCompile>
    <ClCompile Include="src\components\skeleton\Skeleton_Mask.cpp">
      <Filter>src\components\skeleton</Filter>
    </ClCompile>
    <ClCompile Include="src\components\skeleton\Skeleton_Data.cpp">
      <Filter>src\components\skeleton</Filter>
    </ClCompile>
    <ClCompile Include="src\global\Global_Particle.cpp">
      <Filter>src\global</Filter>
    </ClCompile>
    <ClCompile Include="src\global\Global_Rendering.cpp">
      <Filter>src\global</Filter>
    </ClCompile>
    <ClCompile Include="src\common\Object.cpp">
      <Filter>src\common</Filter>
    </ClCompile>
    <ClCompile Include="src\common\Level.cpp">
      <Filter>src\common</Filter>
    </ClCompile>
    <ClCompile Include="src\common\World.cpp">
      <Filter>src\common</Filter>
    </ClCompile>
    <ClCompile Include="src\components\skeleton\Skeleton_Node.cpp">
      <Filter>src\components\skeleton</Filter>
    </ClCompile>
  </ItemGroup>
</Project>