<?xml version="1.0" encoding="utf-8"?>
<Project ToolsVersion="4.0" xmlns="http://schemas.microsoft.com/developer/msbuild/2003">
  <ItemGroup>
    <Filter Include="include">
      <UniqueIdentifier>{490fd0f1-39f4-4bf5-8a4b-0080814577e5}</UniqueIdentifier>
    </Filter>
    <Filter Include="src">
      <UniqueIdentifier>{e6cec82d-b979-46e9-9fc0-194ccd793701}</UniqueIdentifier>
    </Filter>
    <Filter Include="include\rhi">
      <UniqueIdentifier>{19fd1717-0f7f-4c37-8a3c-5d7cc7b63e6b}</UniqueIdentifier>
    </Filter>
    <Filter Include="include\rhi\empty_rhi">
      <UniqueIdentifier>{22c890ef-3918-4324-88e7-3818062a28d8}</UniqueIdentifier>
    </Filter>
    <Filter Include="src\rhi">
      <UniqueIdentifier>{497e9dd9-f983-4189-87eb-40506ab4a433}</UniqueIdentifier>
    </Filter>
    <Filter Include="src\rhi\vulkan">
      <UniqueIdentifier>{d0632d00-479f-4b27-9e9a-e9bb79c91792}</UniqueIdentifier>
    </Filter>
    <Filter Include="src\rhi\empty_rhi">
      <UniqueIdentifier>{a37a9b86-b70f-44fa-8044-0021bf721a22}</UniqueIdentifier>
    </Filter>
    <Filter Include="include\rhi\vulkan">
      <UniqueIdentifier>{9de97dd6-d22b-4fa0-915e-e985e1b47edf}</UniqueIdentifier>
    </Filter>
    <Filter Include="include\window">
      <UniqueIdentifier>{2e09e3cb-3f80-4c33-8142-548c496833e8}</UniqueIdentifier>
    </Filter>
    <Filter Include="src\window">
      <UniqueIdentifier>{d1c571d3-de9d-4c38-9065-6de7e262df58}</UniqueIdentifier>
    </Filter>
  </ItemGroup>
  <ItemGroup>
    <ClInclude Include="include\rhi\empty_rhi\Empty_RHI.h">
      <Filter>include\rhi\empty_rhi</Filter>
    </ClInclude>
    <ClInclude Include="include\rhi\empty_rhi\RHI_Type.h">
      <Filter>include\rhi\empty_rhi</Filter>
    </ClInclude>
    <ClInclude Include="include\rhi\empty_rhi\RHI_Struct.h">
      <Filter>include\rhi\empty_rhi</Filter>
    </ClInclude>
    <ClInclude Include="include\rhi\vulkan\Vulkan_RHI.h">
      <Filter>include\rhi\vulkan</Filter>
    </ClInclude>
    <ClInclude Include="include\rhi\vulkan\Vulkan_RHI_Resource.h">
      <Filter>include\rhi\vulkan</Filter>
    </ClInclude>
    <ClInclude Include="include\window\Window_System.h">
      <Filter>include\window</Filter>
    </ClInclude>
    <ClInclude Include="macro.h" />
    <ClInclude Include="include\rhi\vulkan\Vulkan_Config.h">
      <Filter>include\rhi\vulkan</Filter>
    </ClInclude>
    <ClInclude Include="include\rhi\empty_rhi\RHI_Class.h">
      <Filter>include\rhi\empty_rhi</Filter>
    </ClInclude>
    <ClInclude Include="include\rhi\vulkan\Vulkan_Utilities.h">
      <Filter>include\rhi\vulkan</Filter>
    </ClInclude>
    <ClInclude Include="include\rhi\empty_rhi\RHI_Macro.h">
      <Filter>include\rhi\empty_rhi</Filter>
    </ClInclude>
    <ClInclude Include="include\rhi\vulkan\Vulkan_RHI_Macro.h">
      <Filter>include\rhi\vulkan</Filter>
    </ClInclude>
  </ItemGroup>
  <ItemGroup>
    <ClCompile Include="src\rhi\vulkan\Vulkan_RHI.cpp">
      <Filter>src\rhi\vulkan</Filter>
    </ClCompile>
    <ClCompile Include="src\window\Window_System.cpp">
      <Filter>src\window</Filter>
    </ClCompile>
    <ClCompile Include="src\rhi\vulkan\Vulkan_Utilities.cpp">
      <Filter>src\rhi\vulkan</Filter>
    </ClCompile>
    <ClCompile Include="src\rhi\vulkan\Vulkan_Test.cpp">
      <Filter>src\rhi\vulkan</Filter>
    </ClCompile>
  </ItemGroup>
</Project>